// !$*UTF8*$!
{
	archiveVersion = 1;
	classes = {
	};
	objectVersion = 77;
	objects = {

/* Begin PBXBuildFile section */
		8C1B4E662F34F34C00FDBE1F /* LaunchScreen.storyboard in Resources */ = {isa = PBXBuildFile; fileRef = 8C1B4E582F34F34C00FDBE1F /* LaunchScreen.storyboard */; };
		8C1B4E672F34F34C00FDBE1F /* Assets.xcassets in Resources */ = {isa = PBXBuildFile; fileRef = 8C1B4E602F34F34C00FDBE1F /* Assets.xcassets */; };
		8C1B4E692F34F34C00FDBE1F /* AppDelegate.swift in Sources */ = {isa = PBXBuildFile; fileRef = 8C1B4E562F34F34C00FDBE1F /* AppDelegate.swift */; };
		8C1B4E6A2F34F34C00FDBE1F /* SceneDelegate.swift in Sources */ = {isa = PBXBuildFile; fileRef = 8C1B4E592F34F34C00FDBE1F /* SceneDelegate.swift */; };
		8C1B4EC72F3A366E00FDBE1F /* CheckoutViewController.swift in Sources */ = {isa = PBXBuildFile; fileRef = 8C1B4EC62F3A366E00FDBE1F /* CheckoutViewController.swift */; };
		8C1B4EE52F3A3A7100FDBE1F /* PaymentsViewController.swift in Sources */ = {isa = PBXBuildFile; fileRef = 8C1B4EE42F3A3A7100FDBE1F /* PaymentsViewController.swift */; };
		8C44B1EC2F4C7C0A004E3CA4 /* CheckoutViewModel.swift in Sources */ = {isa = PBXBuildFile; fileRef = 8C44B1EB2F4C7BF3004E3CA4 /* CheckoutViewModel.swift */; };
		8C44B1F02F4C7F68004E3CA4 /* PaymentsViewModel.swift in Sources */ = {isa = PBXBuildFile; fileRef = 8C44B1EF2F4C7F54004E3CA4 /* PaymentsViewModel.swift */; };
		8C44B3792F51CF8B004E3CA4 /* ErrorList.swift in Sources */ = {isa = PBXBuildFile; fileRef = 8C44B3782F51CF7B004E3CA4 /* ErrorList.swift */; };
		8C44B37B2F51D000004E3CA4 /* CodableManager.swift in Sources */ = {isa = PBXBuildFile; fileRef = 8C44B37A2F51CFE5004E3CA4 /* CodableManager.swift */; };
		8C44B3812F51D1BD004E3CA4 /* CustomersRepository.swift in Sources */ = {isa = PBXBuildFile; fileRef = 8C44B3802F51D1A9004E3CA4 /* CustomersRepository.swift */; };
		8CA5BF982F5B4D6E0075180A /* Session.swift in Sources */ = {isa = PBXBuildFile; fileRef = 8CA5BF972F5B4D6E0075180A /* Session.swift */; };
		8CA5BFD92F604BB20075180A /* ReceivablesRepository.swift in Sources */ = {isa = PBXBuildFile; fileRef = 8CA5BFD82F604B560075180A /* ReceivablesRepository.swift */; };
		8CA5C1352F6079EB0075180A /* UITableView+Options.swift in Sources */ = {isa = PBXBuildFile; fileRef = 8CA5C1302F6079EB0075180A /* UITableView+Options.swift */; };
		8CA5C1362F6079EB0075180A /* UIView+Stacking.swift in Sources */ = {isa = PBXBuildFile; fileRef = 8CA5C1322F6079EB0075180A /* UIView+Stacking.swift */; };
		8CA5C1372F6079EB0075180A /* UIView.swift in Sources */ = {isa = PBXBuildFile; fileRef = 8CA5C1312F6079EB0075180A /* UIView.swift */; };
		8CA5C1382F6079EB0075180A /* AnchorKit.swift in Sources */ = {isa = PBXBuildFile; fileRef = 8CA5C12E2F6079EB0075180A /* AnchorKit.swift */; };
		8CA5C1392F6079EB0075180A /* UIViewController.swift in Sources */ = {isa = PBXBuildFile; fileRef = 8CA5C1332F6079EB0075180A /* UIViewController.swift */; };
		8CA5C13A2F6079EB0075180A /* UIStackView.swift in Sources */ = {isa = PBXBuildFile; fileRef = 8CA5C12F2F6079EB0075180A /* UIStackView.swift */; };
		8CFE00022F62E90D00C6A52B /* ReceivablesViewController.swift in Sources */ = {isa = PBXBuildFile; fileRef = 8CFEFFFA2F62E90D00C6A52B /* ReceivablesViewController.swift */; };
		8CFE00032F62E90D00C6A52B /* NewDebts.swift in Sources */ = {isa = PBXBuildFile; fileRef = 8CFEFFFC2F62E90D00C6A52B /* NewDebts.swift */; };
		8CFE00042F62E90D00C6A52B /* ReceivablesViewModel.swift in Sources */ = {isa = PBXBuildFile; fileRef = 8CFEFFFF2F62E90D00C6A52B /* ReceivablesViewModel.swift */; };
		8CFE00182F63132000C6A52B /* CustomerBottomSheetVM.swift in Sources */ = {isa = PBXBuildFile; fileRef = 8CFE00162F63132000C6A52B /* CustomerBottomSheetVM.swift */; };
		8CFE001B2F63132300C6A52B /* CustomerBottomSheetCell.swift in Sources */ = {isa = PBXBuildFile; fileRef = 8CFE00192F63132300C6A52B /* CustomerBottomSheetCell.swift */; };
		8CFE001E2F63132600C6A52B /* CustomerBottomSheetController.swift in Sources */ = {isa = PBXBuildFile; fileRef = 8CFE001C2F63132600C6A52B /* CustomerBottomSheetController.swift */; };
		8CFE00282F6314CB00C6A52B /* CustomersViewController.swift in Sources */ = {isa = PBXBuildFile; fileRef = 8CFE001F2F6314CB00C6A52B /* CustomersViewController.swift */; };
		8CFE00292F6314CB00C6A52B /* Customers.swift in Sources */ = {isa = PBXBuildFile; fileRef = 8CFE00212F6314CB00C6A52B /* Customers.swift */; };
		8CFE002A2F6314CB00C6A52B /* CustomersCell.swift in Sources */ = {isa = PBXBuildFile; fileRef = 8CFE00232F6314CB00C6A52B /* CustomersCell.swift */; };
		8CFE002B2F6314CB00C6A52B /* CustomersViewModel.swift in Sources */ = {isa = PBXBuildFile; fileRef = 8CFE00252F6314CB00C6A52B /* CustomersViewModel.swift */; };
		8CFE00312F6314D100C6A52B /* AddCustomersViewController.swift in Sources */ = {isa = PBXBuildFile; fileRef = 8CFE002C2F6314D100C6A52B /* AddCustomersViewController.swift */; };
		8CFE00322F6314D100C6A52B /* AddCustomersViewModel.swift in Sources */ = {isa = PBXBuildFile; fileRef = 8CFE002E2F6314D100C6A52B /* AddCustomersViewModel.swift */; };
		8CFE003E2F63193E00C6A52B /* NewDebtViewController.swift in Sources */ = {isa = PBXBuildFile; fileRef = 8CFE00392F63193E00C6A52B /* NewDebtViewController.swift */; };
		8CFE00672F641AAE00C6A52B /* NewDebtViewModel.swift in Sources */ = {isa = PBXBuildFile; fileRef = 8CFE00662F641AAE00C6A52B /* NewDebtViewModel.swift */; };
		8CFE00692F64275800C6A52B /* ReceivablesCell.swift in Sources */ = {isa = PBXBuildFile; fileRef = 8CFE00682F64275800C6A52B /* ReceivablesCell.swift */; };
		8CFE006D2F642D0200C6A52B /* HeaderCell.swift in Sources */ = {isa = PBXBuildFile; fileRef = 8CFE006C2F642D0200C6A52B /* HeaderCell.swift */; };
		8CFE006F2F642D1600C6A52B /* FooterCell.swift in Sources */ = {isa = PBXBuildFile; fileRef = 8CFE006E2F642D1600C6A52B /* FooterCell.swift */; };
		8CFEFFF42F62E90000C6A52B /* BaseRepository.swift in Sources */ = {isa = PBXBuildFile; fileRef = 8CFEFFF12F62E90000C6A52B /* BaseRepository.swift */; };
		8CFEFFF82F62E90300C6A52B /* UIview+Ext.swift in Sources */ = {isa = PBXBuildFile; fileRef = 8CFEFFF52F62E90300C6A52B /* UIview+Ext.swift */; };
		8CFEFFF92F62E90300C6A52B /* Userdefaults+Ext.swift in Sources */ = {isa = PBXBuildFile; fileRef = 8CFEFFF62F62E90300C6A52B /* Userdefaults+Ext.swift */; };
/* End PBXBuildFile section */

/* Begin PBXFileReference section */
		8C1B4E562F34F34C00FDBE1F /* AppDelegate.swift */ = {isa = PBXFileReference; lastKnownFileType = sourcecode.swift; path = AppDelegate.swift; sourceTree = "<group>"; };
		8C1B4E572F34F34C00FDBE1F /* Base */ = {isa = PBXFileReference; lastKnownFileType = file.storyboard; name = Base; path = Base.lproj/LaunchScreen.storyboard; sourceTree = "<group>"; };
		8C1B4E592F34F34C00FDBE1F /* SceneDelegate.swift */ = {isa = PBXFileReference; lastKnownFileType = sourcecode.swift; path = SceneDelegate.swift; sourceTree = "<group>"; };
		8C1B4E602F34F34C00FDBE1F /* Assets.xcassets */ = {isa = PBXFileReference; lastKnownFileType = folder.assetcatalog; path = Assets.xcassets; sourceTree = "<group>"; };
		8C1B4E612F34F34C00FDBE1F /* Info.plist */ = {isa = PBXFileReference; lastKnownFileType = text.plist.xml; path = Info.plist; sourceTree = "<group>"; };
		8C1B4EC62F3A366E00FDBE1F /* CheckoutViewController.swift */ = {isa = PBXFileReference; lastKnownFileType = sourcecode.swift; path = CheckoutViewController.swift; sourceTree = "<group>"; };
		8C1B4EE42F3A3A7100FDBE1F /* PaymentsViewController.swift */ = {isa = PBXFileReference; lastKnownFileType = sourcecode.swift; path = PaymentsViewController.swift; sourceTree = "<group>"; };
		8C44B1EB2F4C7BF3004E3CA4 /* CheckoutViewModel.swift */ = {isa = PBXFileReference; lastKnownFileType = sourcecode.swift; path = CheckoutViewModel.swift; sourceTree = "<group>"; };
		8C44B1EF2F4C7F54004E3CA4 /* PaymentsViewModel.swift */ = {isa = PBXFileReference; lastKnownFileType = sourcecode.swift; path = PaymentsViewModel.swift; sourceTree = "<group>"; };
		8C44B3782F51CF7B004E3CA4 /* ErrorList.swift */ = {isa = PBXFileReference; lastKnownFileType = sourcecode.swift; path = ErrorList.swift; sourceTree = "<group>"; };
		8C44B37A2F51CFE5004E3CA4 /* CodableManager.swift */ = {isa = PBXFileReference; lastKnownFileType = sourcecode.swift; path = CodableManager.swift; sourceTree = "<group>"; };
		8C44B3802F51D1A9004E3CA4 /* CustomersRepository.swift */ = {isa = PBXFileReference; lastKnownFileType = sourcecode.swift; path = CustomersRepository.swift; sourceTree = "<group>"; };
		8C878DDF2F30A7F000028C20 /* DebtManage.app */ = {isa = PBXFileReference; explicitFileType = wrapper.application; includeInIndex = 0; path = DebtManage.app; sourceTree = BUILT_PRODUCTS_DIR; };
		8CA5BF972F5B4D6E0075180A /* Session.swift */ = {isa = PBXFileReference; lastKnownFileType = sourcecode.swift; path = Session.swift; sourceTree = "<group>"; };
		8CA5BFD82F604B560075180A /* ReceivablesRepository.swift */ = {isa = PBXFileReference; lastKnownFileType = sourcecode.swift; path = ReceivablesRepository.swift; sourceTree = "<group>"; };
		8CA5C12E2F6079EB0075180A /* AnchorKit.swift */ = {isa = PBXFileReference; lastKnownFileType = sourcecode.swift; path = AnchorKit.swift; sourceTree = "<group>"; };
		8CA5C12F2F6079EB0075180A /* UIStackView.swift */ = {isa = PBXFileReference; lastKnownFileType = sourcecode.swift; path = UIStackView.swift; sourceTree = "<group>"; };
		8CA5C1302F6079EB0075180A /* UITableView+Options.swift */ = {isa = PBXFileReference; lastKnownFileType = sourcecode.swift; path = "UITableView+Options.swift"; sourceTree = "<group>"; };
		8CA5C1312F6079EB0075180A /* UIView.swift */ = {isa = PBXFileReference; lastKnownFileType = sourcecode.swift; path = UIView.swift; sourceTree = "<group>"; };
		8CA5C1322F6079EB0075180A /* UIView+Stacking.swift */ = {isa = PBXFileReference; lastKnownFileType = sourcecode.swift; path = "UIView+Stacking.swift"; sourceTree = "<group>"; };
		8CA5C1332F6079EB0075180A /* UIViewController.swift */ = {isa = PBXFileReference; lastKnownFileType = sourcecode.swift; path = UIViewController.swift; sourceTree = "<group>"; };
		8CFE00162F63132000C6A52B /* CustomerBottomSheetVM.swift */ = {isa = PBXFileReference; lastKnownFileType = sourcecode.swift; path = CustomerBottomSheetVM.swift; sourceTree = "<group>"; };
		8CFE00192F63132300C6A52B /* CustomerBottomSheetCell.swift */ = {isa = PBXFileReference; lastKnownFileType = sourcecode.swift; path = CustomerBottomSheetCell.swift; sourceTree = "<group>"; };
		8CFE001C2F63132600C6A52B /* CustomerBottomSheetController.swift */ = {isa = PBXFileReference; lastKnownFileType = sourcecode.swift; path = CustomerBottomSheetController.swift; sourceTree = "<group>"; };
		8CFE001F2F6314CB00C6A52B /* CustomersViewController.swift */ = {isa = PBXFileReference; lastKnownFileType = sourcecode.swift; path = CustomersViewController.swift; sourceTree = "<group>"; };
		8CFE00212F6314CB00C6A52B /* Customers.swift */ = {isa = PBXFileReference; lastKnownFileType = sourcecode.swift; path = Customers.swift; sourceTree = "<group>"; };
		8CFE00232F6314CB00C6A52B /* CustomersCell.swift */ = {isa = PBXFileReference; lastKnownFileType = sourcecode.swift; path = CustomersCell.swift; sourceTree = "<group>"; };
		8CFE00252F6314CB00C6A52B /* CustomersViewModel.swift */ = {isa = PBXFileReference; lastKnownFileType = sourcecode.swift; path = CustomersViewModel.swift; sourceTree = "<group>"; };
		8CFE002C2F6314D100C6A52B /* AddCustomersViewController.swift */ = {isa = PBXFileReference; lastKnownFileType = sourcecode.swift; path = AddCustomersViewController.swift; sourceTree = "<group>"; };
		8CFE002E2F6314D100C6A52B /* AddCustomersViewModel.swift */ = {isa = PBXFileReference; lastKnownFileType = sourcecode.swift; path = AddCustomersViewModel.swift; sourceTree = "<group>"; };
		8CFE00392F63193E00C6A52B /* NewDebtViewController.swift */ = {isa = PBXFileReference; lastKnownFileType = sourcecode.swift; path = NewDebtViewController.swift; sourceTree = "<group>"; };
		8CFE00662F641AAE00C6A52B /* NewDebtViewModel.swift */ = {isa = PBXFileReference; lastKnownFileType = sourcecode.swift; path = NewDebtViewModel.swift; sourceTree = "<group>"; };
		8CFE00682F64275800C6A52B /* ReceivablesCell.swift */ = {isa = PBXFileReference; lastKnownFileType = sourcecode.swift; path = ReceivablesCell.swift; sourceTree = "<group>"; };
		8CFE006C2F642D0200C6A52B /* HeaderCell.swift */ = {isa = PBXFileReference; lastKnownFileType = sourcecode.swift; path = HeaderCell.swift; sourceTree = "<group>"; };
		8CFE006E2F642D1600C6A52B /* FooterCell.swift */ = {isa = PBXFileReference; lastKnownFileType = sourcecode.swift; path = FooterCell.swift; sourceTree = "<group>"; };
		8CFEFFF12F62E90000C6A52B /* BaseRepository.swift */ = {isa = PBXFileReference; lastKnownFileType = sourcecode.swift; path = BaseRepository.swift; sourceTree = "<group>"; };
		8CFEFFF52F62E90300C6A52B /* UIview+Ext.swift */ = {isa = PBXFileReference; lastKnownFileType = sourcecode.swift; path = "UIview+Ext.swift"; sourceTree = "<group>"; };
		8CFEFFF62F62E90300C6A52B /* Userdefaults+Ext.swift */ = {isa = PBXFileReference; lastKnownFileType = sourcecode.swift; path = "Userdefaults+Ext.swift"; sourceTree = "<group>"; };
		8CFEFFFA2F62E90D00C6A52B /* ReceivablesViewController.swift */ = {isa = PBXFileReference; lastKnownFileType = sourcecode.swift; path = ReceivablesViewController.swift; sourceTree = "<group>"; };
		8CFEFFFC2F62E90D00C6A52B /* NewDebts.swift */ = {isa = PBXFileReference; lastKnownFileType = sourcecode.swift; path = NewDebts.swift; sourceTree = "<group>"; };
		8CFEFFFF2F62E90D00C6A52B /* ReceivablesViewModel.swift */ = {isa = PBXFileReference; lastKnownFileType = sourcecode.swift; path = ReceivablesViewModel.swift; sourceTree = "<group>"; };
/* End PBXFileReference section */

/* Begin PBXFileSystemSynchronizedRootGroup section */
		8C44B1EA2F4C7B4B004E3CA4 /* Controller */ = {
			isa = PBXFileSystemSynchronizedRootGroup;
			path = Controller;
			sourceTree = "<group>";
		};
/* End PBXFileSystemSynchronizedRootGroup section */

/* Begin PBXFrameworksBuildPhase section */
		8C878DDC2F30A7F000028C20 /* Frameworks */ = {
			isa = PBXFrameworksBuildPhase;
			buildActionMask = 2147483647;
			files = (
			);
			runOnlyForDeploymentPostprocessing = 0;
		};
/* End PBXFrameworksBuildPhase section */

/* Begin PBXGroup section */
		8C1B4E5A2F34F34C00FDBE1F /* Application */ = {
			isa = PBXGroup;
			children = (
				8C1B4E562F34F34C00FDBE1F /* AppDelegate.swift */,
				8C1B4E582F34F34C00FDBE1F /* LaunchScreen.storyboard */,
				8C1B4E592F34F34C00FDBE1F /* SceneDelegate.swift */,
			);
			path = Application;
			sourceTree = "<group>";
		};
		8C1B4E5F2F34F34C00FDBE1F /* Debt */ = {
			isa = PBXGroup;
			children = (
				8C1B4EA52F34F49B00FDBE1F /* TabBar */,
				8C1B4E942F34F44B00FDBE1F /* Checkout */,
				8C1B4E992F34F45100FDBE1F /* Receivables */,
				8C1B4E9E2F34F45B00FDBE1F /* Payments */,
				8C1B4EA32F34F45E00FDBE1F /* Customers */,
			);
			path = Debt;
			sourceTree = "<group>";
		};
		8C1B4E622F34F34C00FDBE1F /* Resource */ = {
			isa = PBXGroup;
			children = (
				8C1B4E602F34F34C00FDBE1F /* Assets.xcassets */,
				8C1B4E612F34F34C00FDBE1F /* Info.plist */,
			);
			path = Resource;
			sourceTree = "<group>";
		};
		8C1B4E632F34F34C00FDBE1F /* Services */ = {
			isa = PBXGroup;
			children = (
				8C44B37A2F51CFE5004E3CA4 /* CodableManager.swift */,
				8C44B3782F51CF7B004E3CA4 /* ErrorList.swift */,
				8CA5BF972F5B4D6E0075180A /* Session.swift */,
			);
			path = Services;
			sourceTree = "<group>";
		};
		8C1B4E652F34F34C00FDBE1F /* DebtManage */ = {
			isa = PBXGroup;
			children = (
				8CA5C12D2F6079D80075180A /* External */,
				8CFEFFF32F62E90000C6A52B /* Common */,
				8CFEFFF72F62E90300C6A52B /* Extension */,
				8C1B4E5A2F34F34C00FDBE1F /* Application */,
				8C1B4E622F34F34C00FDBE1F /* Resource */,
				8C1B4E5F2F34F34C00FDBE1F /* Debt */,
				8C44B37F2F51D193004E3CA4 /* Repositories */,
				8C1B4E632F34F34C00FDBE1F /* Services */,
			);
			path = DebtManage;
			sourceTree = "<group>";
		};
		8C1B4E902F34F44B00FDBE1F /* Controller */ = {
			isa = PBXGroup;
			children = (
				8C1B4EC62F3A366E00FDBE1F /* CheckoutViewController.swift */,
			);
			path = Controller;
			sourceTree = "<group>";
		};
		8C1B4E912F34F44B00FDBE1F /* Model */ = {
			isa = PBXGroup;
			children = (
			);
			path = Model;
			sourceTree = "<group>";
		};
		8C1B4E922F34F44B00FDBE1F /* View */ = {
			isa = PBXGroup;
			children = (
			);
			path = View;
			sourceTree = "<group>";
		};
		8C1B4E932F34F44B00FDBE1F /* ViewModel */ = {
			isa = PBXGroup;
			children = (
				8C44B1EB2F4C7BF3004E3CA4 /* CheckoutViewModel.swift */,
			);
			path = ViewModel;
			sourceTree = "<group>";
		};
		8C1B4E942F34F44B00FDBE1F /* Checkout */ = {
			isa = PBXGroup;
			children = (
				8C1B4E902F34F44B00FDBE1F /* Controller */,
				8C1B4E912F34F44B00FDBE1F /* Model */,
				8C1B4E922F34F44B00FDBE1F /* View */,
				8C1B4E932F34F44B00FDBE1F /* ViewModel */,
			);
			path = Checkout;
			sourceTree = "<group>";
		};
		8C1B4E992F34F45100FDBE1F /* Receivables */ = {
			isa = PBXGroup;
			children = (
				8CFE00012F62E90D00C6A52B /* ReceviablesList */,
				8CFE00092F62E91100C6A52B /* NewDebts */,
			);
			path = Receivables;
			sourceTree = "<group>";
		};
		8C1B4E9A2F34F45B00FDBE1F /* Controller */ = {
			isa = PBXGroup;
			children = (
				8C1B4EE42F3A3A7100FDBE1F /* PaymentsViewController.swift */,
			);
			path = Controller;
			sourceTree = "<group>";
		};
		8C1B4E9B2F34F45B00FDBE1F /* Model */ = {
			isa = PBXGroup;
			children = (
			);
			path = Model;
			sourceTree = "<group>";
		};
		8C1B4E9C2F34F45B00FDBE1F /* View */ = {
			isa = PBXGroup;
			children = (
			);
			path = View;
			sourceTree = "<group>";
		};
		8C1B4E9D2F34F45B00FDBE1F /* ViewModel */ = {
			isa = PBXGroup;
			children = (
				8C44B1EF2F4C7F54004E3CA4 /* PaymentsViewModel.swift */,
			);
			path = ViewModel;
			sourceTree = "<group>";
		};
		8C1B4E9E2F34F45B00FDBE1F /* Payments */ = {
			isa = PBXGroup;
			children = (
				8C1B4E9A2F34F45B00FDBE1F /* Controller */,
				8C1B4E9B2F34F45B00FDBE1F /* Model */,
				8C1B4E9C2F34F45B00FDBE1F /* View */,
				8C1B4E9D2F34F45B00FDBE1F /* ViewModel */,
			);
			path = Payments;
			sourceTree = "<group>";
		};
		8C1B4EA32F34F45E00FDBE1F /* Customers */ = {
			isa = PBXGroup;
			children = (
				8CFE00272F6314CB00C6A52B /* CustomersList */,
				8CFE00302F6314D100C6A52B /* AddCustomers */,
			);
			path = Customers;
			sourceTree = "<group>";
		};
		8C1B4EA52F34F49B00FDBE1F /* TabBar */ = {
			isa = PBXGroup;
			children = (
				8C44B1EA2F4C7B4B004E3CA4 /* Controller */,
			);
			path = TabBar;
			sourceTree = "<group>";
		};
		8C44B37F2F51D193004E3CA4 /* Repositories */ = {
			isa = PBXGroup;
			children = (
				8CA5BFD82F604B560075180A /* ReceivablesRepository.swift */,
				8C44B3802F51D1A9004E3CA4 /* CustomersRepository.swift */,
			);
			path = Repositories;
			sourceTree = "<group>";
		};
		8C878DD62F30A7F000028C20 = {
			isa = PBXGroup;
			children = (
				8C1B4E652F34F34C00FDBE1F /* DebtManage */,
				8C878DE02F30A7F000028C20 /* Products */,
			);
			sourceTree = "<group>";
		};
		8C878DE02F30A7F000028C20 /* Products */ = {
			isa = PBXGroup;
			children = (
				8C878DDF2F30A7F000028C20 /* DebtManage.app */,
			);
			name = Products;
			sourceTree = "<group>";
		};
		8CA5C12D2F6079D80075180A /* External */ = {
			isa = PBXGroup;
			children = (
				8CA5C1342F6079EB0075180A /* AnchorKit */,
			);
			path = External;
			sourceTree = "<group>";
		};
		8CA5C1342F6079EB0075180A /* AnchorKit */ = {
			isa = PBXGroup;
			children = (
				8CA5C12E2F6079EB0075180A /* AnchorKit.swift */,
				8CA5C12F2F6079EB0075180A /* UIStackView.swift */,
				8CA5C1302F6079EB0075180A /* UITableView+Options.swift */,
				8CA5C1312F6079EB0075180A /* UIView.swift */,
				8CA5C1322F6079EB0075180A /* UIView+Stacking.swift */,
				8CA5C1332F6079EB0075180A /* UIViewController.swift */,
			);
			path = AnchorKit;
			sourceTree = "<group>";
		};
		8CFE00002F62E90D00C6A52B /* ViewModel */ = {
			isa = PBXGroup;
			children = (
				8CFEFFFF2F62E90D00C6A52B /* ReceivablesViewModel.swift */,
			);
			path = ViewModel;
			sourceTree = "<group>";
		};
		8CFE00012F62E90D00C6A52B /* ReceviablesList */ = {
			isa = PBXGroup;
			children = (
				8CFEFFFB2F62E90D00C6A52B /* Controller */,
				8CFEFFFD2F62E90D00C6A52B /* Model */,
				8CFEFFFE2F62E90D00C6A52B /* View */,
				8CFE00002F62E90D00C6A52B /* ViewModel */,
			);
			path = ReceviablesList;
			sourceTree = "<group>";
		};
		8CFE00092F62E91100C6A52B /* NewDebts */ = {
			isa = PBXGroup;
			children = (
				8CFE003D2F63193E00C6A52B /* NewDebtsPage */,
				8CFE000C2F62E97100C6A52B /* DebtBottomSheet */,
			);
			path = NewDebts;
			sourceTree = "<group>";
		};
		8CFE000C2F62E97100C6A52B /* DebtBottomSheet */ = {
			isa = PBXGroup;
			children = (
				8CFE001D2F63132600C6A52B /* Controller */,
				8CFE001A2F63132300C6A52B /* View */,
				8CFE00172F63132000C6A52B /* ViewModel */,
			);
			path = DebtBottomSheet;
			sourceTree = "<group>";
		};
		8CFE00172F63132000C6A52B /* ViewModel */ = {
			isa = PBXGroup;
			children = (
				8CFE00162F63132000C6A52B /* CustomerBottomSheetVM.swift */,
			);
			path = ViewModel;
			sourceTree = "<group>";
		};
		8CFE001A2F63132300C6A52B /* View */ = {
			isa = PBXGroup;
			children = (
				8CFE00192F63132300C6A52B /* CustomerBottomSheetCell.swift */,
			);
			path = View;
			sourceTree = "<group>";
		};
		8CFE001D2F63132600C6A52B /* Controller */ = {
			isa = PBXGroup;
			children = (
				8CFE001C2F63132600C6A52B /* CustomerBottomSheetController.swift */,
			);
			path = Controller;
			sourceTree = "<group>";
		};
		8CFE00202F6314CB00C6A52B /* Controller */ = {
			isa = PBXGroup;
			children = (
				8CFE001F2F6314CB00C6A52B /* CustomersViewController.swift */,
			);
			path = Controller;
			sourceTree = "<group>";
		};
		8CFE00222F6314CB00C6A52B /* Model */ = {
			isa = PBXGroup;
			children = (
				8CFE00212F6314CB00C6A52B /* Customers.swift */,
			);
			path = Model;
			sourceTree = "<group>";
		};
		8CFE00242F6314CB00C6A52B /* View */ = {
			isa = PBXGroup;
			children = (
				8CFE00232F6314CB00C6A52B /* CustomersCell.swift */,
			);
			path = View;
			sourceTree = "<group>";
		};
		8CFE00262F6314CB00C6A52B /* ViewModel */ = {
			isa = PBXGroup;
			children = (
				8CFE00252F6314CB00C6A52B /* CustomersViewModel.swift */,
			);
			path = ViewModel;
			sourceTree = "<group>";
		};
		8CFE00272F6314CB00C6A52B /* CustomersList */ = {
			isa = PBXGroup;
			children = (
				8CFE00202F6314CB00C6A52B /* Controller */,
				8CFE00222F6314CB00C6A52B /* Model */,
				8CFE00242F6314CB00C6A52B /* View */,
				8CFE00262F6314CB00C6A52B /* ViewModel */,
			);
			path = CustomersList;
			sourceTree = "<group>";
		};
		8CFE002D2F6314D100C6A52B /* Controller */ = {
			isa = PBXGroup;
			children = (
				8CFE002C2F6314D100C6A52B /* AddCustomersViewController.swift */,
			);
			path = Controller;
			sourceTree = "<group>";
		};
		8CFE002F2F6314D100C6A52B /* ViewModel */ = {
			isa = PBXGroup;
			children = (
				8CFE002E2F6314D100C6A52B /* AddCustomersViewModel.swift */,
			);
			path = ViewModel;
			sourceTree = "<group>";
		};
		8CFE00302F6314D100C6A52B /* AddCustomers */ = {
			isa = PBXGroup;
			children = (
				8CFE002D2F6314D100C6A52B /* Controller */,
				8CFE002F2F6314D100C6A52B /* ViewModel */,
			);
			path = AddCustomers;
			sourceTree = "<group>";
		};
		8CFE003A2F63193E00C6A52B /* Controller */ = {
			isa = PBXGroup;
			children = (
				8CFE00392F63193E00C6A52B /* NewDebtViewController.swift */,
			);
			path = Controller;
			sourceTree = "<group>";
		};
		8CFE003B2F63193E00C6A52B /* View */ = {
			isa = PBXGroup;
			children = (
			);
			path = View;
			sourceTree = "<group>";
		};
		8CFE003C2F63193E00C6A52B /* ViewModel */ = {
			isa = PBXGroup;
			children = (
				8CFE00662F641AAE00C6A52B /* NewDebtViewModel.swift */,
			);
			path = ViewModel;
			sourceTree = "<group>";
		};
		8CFE003D2F63193E00C6A52B /* NewDebtsPage */ = {
			isa = PBXGroup;
			children = (
				8CFE003A2F63193E00C6A52B /* Controller */,
				8CFE003B2F63193E00C6A52B /* View */,
				8CFE003C2F63193E00C6A52B /* ViewModel */,
			);
			path = NewDebtsPage;
			sourceTree = "<group>";
		};
		8CFEFFF22F62E90000C6A52B /* Protocols */ = {
			isa = PBXGroup;
			children = (
				8CFEFFF12F62E90000C6A52B /* BaseRepository.swift */,
			);
			path = Protocols;
			sourceTree = "<group>";
		};
		8CFEFFF32F62E90000C6A52B /* Common */ = {
			isa = PBXGroup;
			children = (
				8CFEFFF22F62E90000C6A52B /* Protocols */,
			);
			path = Common;
			sourceTree = "<group>";
		};
		8CFEFFF72F62E90300C6A52B /* Extension */ = {
			isa = PBXGroup;
			children = (
				8CFEFFF52F62E90300C6A52B /* UIview+Ext.swift */,
				8CFEFFF62F62E90300C6A52B /* Userdefaults+Ext.swift */,
			);
			path = Extension;
			sourceTree = "<group>";
		};
		8CFEFFFB2F62E90D00C6A52B /* Controller */ = {
			isa = PBXGroup;
			children = (
				8CFEFFFA2F62E90D00C6A52B /* ReceivablesViewController.swift */,
			);
			path = Controller;
			sourceTree = "<group>";
		};
		8CFEFFFD2F62E90D00C6A52B /* Model */ = {
			isa = PBXGroup;
			children = (
				8CFEFFFC2F62E90D00C6A52B /* NewDebts.swift */,
			);
			path = Model;
			sourceTree = "<group>";
		};
		8CFEFFFE2F62E90D00C6A52B /* View */ = {
			isa = PBXGroup;
			children = (
				8CFE00682F64275800C6A52B /* ReceivablesCell.swift */,
				8CFE006C2F642D0200C6A52B /* HeaderCell.swift */,
				8CFE006E2F642D1600C6A52B /* FooterCell.swift */,
			);
			path = View;
			sourceTree = "<group>";
		};
/* End PBXGroup section */

/* Begin PBXNativeTarget section */
		8C878DDE2F30A7F000028C20 /* DebtManage */ = {
			isa = PBXNativeTarget;
			buildConfigurationList = 8C878DF22F30A7F100028C20 /* Build configuration list for PBXNativeTarget "DebtManage" */;
			buildPhases = (
				8C878DDB2F30A7F000028C20 /* Sources */,
				8C878DDC2F30A7F000028C20 /* Frameworks */,
				8C878DDD2F30A7F000028C20 /* Resources */,
			);
			buildRules = (
			);
			dependencies = (
			);
			fileSystemSynchronizedGroups = (
				8C44B1EA2F4C7B4B004E3CA4 /* Controller */,
			);
			name = DebtManage;
			packageProductDependencies = (
			);
			productName = DebtManage;
			productReference = 8C878DDF2F30A7F000028C20 /* DebtManage.app */;
			productType = "com.apple.product-type.application";
		};
/* End PBXNativeTarget section */

/* Begin PBXProject section */
		8C878DD72F30A7F000028C20 /* Project object */ = {
			isa = PBXProject;
			attributes = {
				BuildIndependentTargetsInParallel = 1;
				LastSwiftUpdateCheck = 2610;
				LastUpgradeCheck = 2610;
				TargetAttributes = {
					8C878DDE2F30A7F000028C20 = {
						CreatedOnToolsVersion = 26.1.1;
					};
				};
			};
			buildConfigurationList = 8C878DDA2F30A7F000028C20 /* Build configuration list for PBXProject "DebtManage" */;
			developmentRegion = en;
			hasScannedForEncodings = 0;
			knownRegions = (
				en,
				Base,
			);
			mainGroup = 8C878DD62F30A7F000028C20;
			minimizedProjectReferenceProxies = 1;
			packageReferences = (
			);
			preferredProjectObjectVersion = 77;
			productRefGroup = 8C878DE02F30A7F000028C20 /* Products */;
			projectDirPath = "";
			projectRoot = "";
			targets = (
				8C878DDE2F30A7F000028C20 /* DebtManage */,
			);
		};
/* End PBXProject section */

/* Begin PBXResourcesBuildPhase section */
		8C878DDD2F30A7F000028C20 /* Resources */ = {
			isa = PBXResourcesBuildPhase;
			buildActionMask = 2147483647;
			files = (
				8C1B4E662F34F34C00FDBE1F /* LaunchScreen.storyboard in Resources */,
				8C1B4E672F34F34C00FDBE1F /* Assets.xcassets in Resources */,
			);
			runOnlyForDeploymentPostprocessing = 0;
		};
/* End PBXResourcesBuildPhase section */

/* Begin PBXSourcesBuildPhase section */
		8C878DDB2F30A7F000028C20 /* Sources */ = {
			isa = PBXSourcesBuildPhase;
			buildActionMask = 2147483647;
			files = (
				8C1B4EE52F3A3A7100FDBE1F /* PaymentsViewController.swift in Sources */,
				8C44B1EC2F4C7C0A004E3CA4 /* CheckoutViewModel.swift in Sources */,
				8CFE003E2F63193E00C6A52B /* NewDebtViewController.swift in Sources */,
				8CA5BFD92F604BB20075180A /* ReceivablesRepository.swift in Sources */,
				8C44B37B2F51D000004E3CA4 /* CodableManager.swift in Sources */,
				8CFE00312F6314D100C6A52B /* AddCustomersViewController.swift in Sources */,
				8CFE00322F6314D100C6A52B /* AddCustomersViewModel.swift in Sources */,
				8C44B3792F51CF8B004E3CA4 /* ErrorList.swift in Sources */,
				8CFE00022F62E90D00C6A52B /* ReceivablesViewController.swift in Sources */,
				8CFE00032F62E90D00C6A52B /* NewDebts.swift in Sources */,
				8CFE00182F63132000C6A52B /* CustomerBottomSheetVM.swift in Sources */,
				8CFE00282F6314CB00C6A52B /* CustomersViewController.swift in Sources */,
				8CFE00292F6314CB00C6A52B /* Customers.swift in Sources */,
				8CFE002A2F6314CB00C6A52B /* CustomersCell.swift in Sources */,
				8CFE002B2F6314CB00C6A52B /* CustomersViewModel.swift in Sources */,
				8CFE00042F62E90D00C6A52B /* ReceivablesViewModel.swift in Sources */,
				8C1B4E692F34F34C00FDBE1F /* AppDelegate.swift in Sources */,
				8CFEFFF82F62E90300C6A52B /* UIview+Ext.swift in Sources */,
				8CFEFFF92F62E90300C6A52B /* Userdefaults+Ext.swift in Sources */,
				8C44B3812F51D1BD004E3CA4 /* CustomersRepository.swift in Sources */,
				8C1B4E6A2F34F34C00FDBE1F /* SceneDelegate.swift in Sources */,
				8CFEFFF42F62E90000C6A52B /* BaseRepository.swift in Sources */,
				8CFE006F2F642D1600C6A52B /* FooterCell.swift in Sources */,
				8CA5BF982F5B4D6E0075180A /* Session.swift in Sources */,
				8C1B4EC72F3A366E00FDBE1F /* CheckoutViewController.swift in Sources */,
				8CFE001E2F63132600C6A52B /* CustomerBottomSheetController.swift in Sources */,
				8CA5C1352F6079EB0075180A /* UITableView+Options.swift in Sources */,
				8CA5C1362F6079EB0075180A /* UIView+Stacking.swift in Sources */,
				8CFE006D2F642D0200C6A52B /* HeaderCell.swift in Sources */,
				8CA5C1372F6079EB0075180A /* UIView.swift in Sources */,
				8CA5C1382F6079EB0075180A /* AnchorKit.swift in Sources */,
				8CFE00692F64275800C6A52B /* ReceivablesCell.swift in Sources */,
				8CA5C1392F6079EB0075180A /* UIViewController.swift in Sources */,
				8CA5C13A2F6079EB0075180A /* UIStackView.swift in Sources */,
				8CFE001B2F63132300C6A52B /* CustomerBottomSheetCell.swift in Sources */,
				8CFE00672F641AAE00C6A52B /* NewDebtViewModel.swift in Sources */,
				8C44B1F02F4C7F68004E3CA4 /* PaymentsViewModel.swift in Sources */,
			);
			runOnlyForDeploymentPostprocessing = 0;
		};
/* End PBXSourcesBuildPhase section */

/* Begin PBXVariantGroup section */
		8C1B4E582F34F34C00FDBE1F /* LaunchScreen.storyboard */ = {
			isa = PBXVariantGroup;
			children = (
				8C1B4E572F34F34C00FDBE1F /* Base */,
			);
			name = LaunchScreen.storyboard;
			sourceTree = "<group>";
		};
/* End PBXVariantGroup section */

/* Begin XCBuildConfiguration section */
		8C878DF32F30A7F100028C20 /* Debug */ = {
			isa = XCBuildConfiguration;
			buildSettings = {
				ASSETCATALOG_COMPILER_APPICON_NAME = AppIcon;
				ASSETCATALOG_COMPILER_GLOBAL_ACCENT_COLOR_NAME = AccentColor;
				CODE_SIGN_STYLE = Automatic;
				CURRENT_PROJECT_VERSION = 1;
				DEVELOPMENT_TEAM = 77KQ3TVM8C;
				GENERATE_INFOPLIST_FILE = YES;
				INFOPLIST_FILE = DebtManage/Resource/Info.plist;
				INFOPLIST_KEY_UIApplicationSupportsIndirectInputEvents = YES;
				INFOPLIST_KEY_UILaunchStoryboardName = LaunchScreen;
				INFOPLIST_KEY_UISupportedInterfaceOrientations_iPad = "UIInterfaceOrientationPortrait UIInterfaceOrientationPortraitUpsideDown UIInterfaceOrientationLandscapeLeft UIInterfaceOrientationLandscapeRight";
				INFOPLIST_KEY_UISupportedInterfaceOrientations_iPhone = "UIInterfaceOrientationPortrait UIInterfaceOrientationLandscapeLeft UIInterfaceOrientationLandscapeRight";
				IPHONEOS_DEPLOYMENT_TARGET = 18.6;
				LD_RUNPATH_SEARCH_PATHS = (
					"$(inherited)",
					"@executable_path/Frameworks",
				);
				MARKETING_VERSION = 1.0;
				PRODUCT_BUNDLE_IDENTIFIER = zohraguliyeva.DebtManage;
				PRODUCT_NAME = "$(TARGET_NAME)";
				STRING_CATALOG_GENERATE_SYMBOLS = YES;
				SUPPORTED_PLATFORMS = "iphoneos iphonesimulator";
				SUPPORTS_MACCATALYST = NO;
				SUPPORTS_MAC_DESIGNED_FOR_IPHONE_IPAD = NO;
				SUPPORTS_XR_DESIGNED_FOR_IPHONE_IPAD = NO;
				SWIFT_APPROACHABLE_CONCURRENCY = YES;
				SWIFT_DEFAULT_ACTOR_ISOLATION = MainActor;
				SWIFT_EMIT_LOC_STRINGS = YES;
				SWIFT_UPCOMING_FEATURE_MEMBER_IMPORT_VISIBILITY = YES;
				SWIFT_VERSION = 5.0;
				TARGETED_DEVICE_FAMILY = 1;
			};
			name = Debug;
		};
		8C878DF42F30A7F100028C20 /* Release */ = {
			isa = XCBuildConfiguration;
			buildSettings = {
				ASSETCATALOG_COMPILER_APPICON_NAME = AppIcon;
				ASSETCATALOG_COMPILER_GLOBAL_ACCENT_COLOR_NAME = AccentColor;
				CODE_SIGN_STYLE = Automatic;
				CURRENT_PROJECT_VERSION = 1;
				DEVELOPMENT_TEAM = 77KQ3TVM8C;
				GENERATE_INFOPLIST_FILE = YES;
				INFOPLIST_FILE = DebtManage/Resource/Info.plist;
				INFOPLIST_KEY_UIApplicationSupportsIndirectInputEvents = YES;
				INFOPLIST_KEY_UILaunchStoryboardName = LaunchScreen;
				INFOPLIST_KEY_UISupportedInterfaceOrientations_iPad = "UIInterfaceOrientationPortrait UIInterfaceOrientationPortraitUpsideDown UIInterfaceOrientationLandscapeLeft UIInterfaceOrientationLandscapeRight";
				INFOPLIST_KEY_UISupportedInterfaceOrientations_iPhone = "UIInterfaceOrientationPortrait UIInterfaceOrientationLandscapeLeft UIInterfaceOrientationLandscapeRight";
				IPHONEOS_DEPLOYMENT_TARGET = 18.6;
				LD_RUNPATH_SEARCH_PATHS = (
					"$(inherited)",
					"@executable_path/Frameworks",
				);
				MARKETING_VERSION = 1.0;
				PRODUCT_BUNDLE_IDENTIFIER = zohraguliyeva.DebtManage;
				PRODUCT_NAME = "$(TARGET_NAME)";
				STRING_CATALOG_GENERATE_SYMBOLS = YES;
				SUPPORTED_PLATFORMS = "iphoneos iphonesimulator";
				SUPPORTS_MACCATALYST = NO;
				SUPPORTS_MAC_DESIGNED_FOR_IPHONE_IPAD = NO;
				SUPPORTS_XR_DESIGNED_FOR_IPHONE_IPAD = NO;
				SWIFT_APPROACHABLE_CONCURRENCY = YES;
				SWIFT_DEFAULT_ACTOR_ISOLATION = MainActor;
				SWIFT_EMIT_LOC_STRINGS = YES;
				SWIFT_UPCOMING_FEATURE_MEMBER_IMPORT_VISIBILITY = YES;
				SWIFT_VERSION = 5.0;
				TARGETED_DEVICE_FAMILY = 1;
			};
			name = Release;
		};
		8C878DF52F30A7F100028C20 /* Debug */ = {
			isa = XCBuildConfiguration;
			buildSettings = {
				ALWAYS_SEARCH_USER_PATHS = NO;
				ASSETCATALOG_COMPILER_GENERATE_SWIFT_ASSET_SYMBOL_EXTENSIONS = YES;
				CLANG_ANALYZER_NONNULL = YES;
				CLANG_ANALYZER_NUMBER_OBJECT_CONVERSION = YES_AGGRESSIVE;
				CLANG_CXX_LANGUAGE_STANDARD = "gnu++20";
				CLANG_ENABLE_MODULES = YES;
				CLANG_ENABLE_OBJC_ARC = YES;
				CLANG_ENABLE_OBJC_WEAK = YES;
				CLANG_WARN_BLOCK_CAPTURE_AUTORELEASING = YES;
				CLANG_WARN_BOOL_CONVERSION = YES;
				CLANG_WARN_COMMA = YES;
				CLANG_WARN_CONSTANT_CONVERSION = YES;
				CLANG_WARN_DEPRECATED_OBJC_IMPLEMENTATIONS = YES;
				CLANG_WARN_DIRECT_OBJC_ISA_USAGE = YES_ERROR;
				CLANG_WARN_DOCUMENTATION_COMMENTS = YES;
				CLANG_WARN_EMPTY_BODY = YES;
				CLANG_WARN_ENUM_CONVERSION = YES;
				CLANG_WARN_INFINITE_RECURSION = YES;
				CLANG_WARN_INT_CONVERSION = YES;
				CLANG_WARN_NON_LITERAL_NULL_CONVERSION = YES;
				CLANG_WARN_OBJC_IMPLICIT_RETAIN_SELF = YES;
				CLANG_WARN_OBJC_LITERAL_CONVERSION = YES;
				CLANG_WARN_OBJC_ROOT_CLASS = YES_ERROR;
				CLANG_WARN_QUOTED_INCLUDE_IN_FRAMEWORK_HEADER = YES;
				CLANG_WARN_RANGE_LOOP_ANALYSIS = YES;
				CLANG_WARN_STRICT_PROTOTYPES = YES;
				CLANG_WARN_SUSPICIOUS_MOVE = YES;
				CLANG_WARN_UNGUARDED_AVAILABILITY = YES_AGGRESSIVE;
				CLANG_WARN_UNREACHABLE_CODE = YES;
				CLANG_WARN__DUPLICATE_METHOD_MATCH = YES;
				COPY_PHASE_STRIP = NO;
				DEBUG_INFORMATION_FORMAT = dwarf;
				DEVELOPMENT_TEAM = 77KQ3TVM8C;
				ENABLE_STRICT_OBJC_MSGSEND = YES;
				ENABLE_TESTABILITY = YES;
				ENABLE_USER_SCRIPT_SANDBOXING = YES;
				GCC_C_LANGUAGE_STANDARD = gnu17;
				GCC_DYNAMIC_NO_PIC = NO;
				GCC_NO_COMMON_BLOCKS = YES;
				GCC_OPTIMIZATION_LEVEL = 0;
				GCC_PREPROCESSOR_DEFINITIONS = (
					"DEBUG=1",
					"$(inherited)",
				);
				GCC_WARN_64_TO_32_BIT_CONVERSION = YES;
				GCC_WARN_ABOUT_RETURN_TYPE = YES_ERROR;
				GCC_WARN_UNDECLARED_SELECTOR = YES;
				GCC_WARN_UNINITIALIZED_AUTOS = YES_AGGRESSIVE;
				GCC_WARN_UNUSED_FUNCTION = YES;
				GCC_WARN_UNUSED_VARIABLE = YES;
				IPHONEOS_DEPLOYMENT_TARGET = 26.1;
				LOCALIZATION_PREFERS_STRING_CATALOGS = YES;
				MTL_ENABLE_DEBUG_INFO = INCLUDE_SOURCE;
				MTL_FAST_MATH = YES;
				ONLY_ACTIVE_ARCH = YES;
				SDKROOT = iphoneos;
				SWIFT_ACTIVE_COMPILATION_CONDITIONS = "DEBUG $(inherited)";
				SWIFT_OPTIMIZATION_LEVEL = "-Onone";
			};
			name = Debug;
		};
		8C878DF62F30A7F100028C20 /* Release */ = {
			isa = XCBuildConfiguration;
			buildSettings = {
				ALWAYS_SEARCH_USER_PATHS = NO;
				ASSETCATALOG_COMPILER_GENERATE_SWIFT_ASSET_SYMBOL_EXTENSIONS = YES;
				CLANG_ANALYZER_NONNULL = YES;
				CLANG_ANALYZER_NUMBER_OBJECT_CONVERSION = YES_AGGRESSIVE;
				CLANG_CXX_LANGUAGE_STANDARD = "gnu++20";
				CLANG_ENABLE_MODULES = YES;
				CLANG_ENABLE_OBJC_ARC = YES;
				CLANG_ENABLE_OBJC_WEAK = YES;
				CLANG_WARN_BLOCK_CAPTURE_AUTORELEASING = YES;
				CLANG_WARN_BOOL_CONVERSION = YES;
				CLANG_WARN_COMMA = YES;
				CLANG_WARN_CONSTANT_CONVERSION = YES;
				CLANG_WARN_DEPRECATED_OBJC_IMPLEMENTATIONS = YES;
				CLANG_WARN_DIRECT_OBJC_ISA_USAGE = YES_ERROR;
				CLANG_WARN_DOCUMENTATION_COMMENTS = YES;
				CLANG_WARN_EMPTY_BODY = YES;
				CLANG_WARN_ENUM_CONVERSION = YES;
				CLANG_WARN_INFINITE_RECURSION = YES;
				CLANG_WARN_INT_CONVERSION = YES;
				CLANG_WARN_NON_LITERAL_NULL_CONVERSION = YES;
				CLANG_WARN_OBJC_IMPLICIT_RETAIN_SELF = YES;
				CLANG_WARN_OBJC_LITERAL_CONVERSION = YES;
				CLANG_WARN_OBJC_ROOT_CLASS = YES_ERROR;
				CLANG_WARN_QUOTED_INCLUDE_IN_FRAMEWORK_HEADER = YES;
				CLANG_WARN_RANGE_LOOP_ANALYSIS = YES;
				CLANG_WARN_STRICT_PROTOTYPES = YES;
				CLANG_WARN_SUSPICIOUS_MOVE = YES;
				CLANG_WARN_UNGUARDED_AVAILABILITY = YES_AGGRESSIVE;
				CLANG_WARN_UNREACHABLE_CODE = YES;
				CLANG_WARN__DUPLICATE_METHOD_MATCH = YES;
				COPY_PHASE_STRIP = NO;
				DEBUG_INFORMATION_FORMAT = "dwarf-with-dsym";
				DEVELOPMENT_TEAM = 77KQ3TVM8C;
				ENABLE_NS_ASSERTIONS = NO;
				ENABLE_STRICT_OBJC_MSGSEND = YES;
				ENABLE_USER_SCRIPT_SANDBOXING = YES;
				GCC_C_LANGUAGE_STANDARD = gnu17;
				GCC_NO_COMMON_BLOCKS = YES;
				GCC_WARN_64_TO_32_BIT_CONVERSION = YES;
				GCC_WARN_ABOUT_RETURN_TYPE = YES_ERROR;
				GCC_WARN_UNDECLARED_SELECTOR = YES;
				GCC_WARN_UNINITIALIZED_AUTOS = YES_AGGRESSIVE;
				GCC_WARN_UNUSED_FUNCTION = YES;
				GCC_WARN_UNUSED_VARIABLE = YES;
				IPHONEOS_DEPLOYMENT_TARGET = 26.1;
				LOCALIZATION_PREFERS_STRING_CATALOGS = YES;
				MTL_ENABLE_DEBUG_INFO = NO;
				MTL_FAST_MATH = YES;
				SDKROOT = iphoneos;
				SWIFT_COMPILATION_MODE = wholemodule;
				VALIDATE_PRODUCT = YES;
			};
			name = Release;
		};
/* End XCBuildConfiguration section */

/* Begin XCConfigurationList section */
		8C878DDA2F30A7F000028C20 /* Build configuration list for PBXProject "DebtManage" */ = {
			isa = XCConfigurationList;
			buildConfigurations = (
				8C878DF52F30A7F100028C20 /* Debug */,
				8C878DF62F30A7F100028C20 /* Release */,
			);
			defaultConfigurationIsVisible = 0;
			defaultConfigurationName = Release;
		};
		8C878DF22F30A7F100028C20 /* Build configuration list for PBXNativeTarget "DebtManage" */ = {
			isa = XCConfigurationList;
			buildConfigurations = (
				8C878DF32F30A7F100028C20 /* Debug */,
				8C878DF42F30A7F100028C20 /* Release */,
			);
			defaultConfigurationIsVisible = 0;
			defaultConfigurationName = Release;
		};
/* End XCConfigurationList section */
	};
	rootObject = 8C878DD72F30A7F000028C20 /* Project object */;
}
